# This file was autogenerated by Stack.
# You should not edit this file by hand.
# For more information, please see the documentation at:
#   https://docs.haskellstack.org/en/stable/lock_files

packages:
- completed:
    name: require
    version: 0.6.0.0
    git: https://github.com/toothbrush/require.git
    pantry-tree:
      size: 544
      sha256: 1e2204f0745e2798cde5c56ad02169119e321013ee3a3aa4be9590177588a324
    commit: 909828d9a0f284b88e5296b7f76ed79efb5f51a1
  original:
    git: https://github.com/toothbrush/require.git
    commit: 909828d9a0f284b88e5296b7f76ed79efb5f51a1
snapshots:
- completed:
    size: 532379
    url: https://raw.githubusercontent.com/commercialhaskell/stackage-snapshots/master/lts/16/8.yaml
    sha256: 2ad3210d2ad35f3176005d68369a18e4d984517bfaa2caade76f28ed0b2e0521
  original: lts-16.8
